{
  "name": "agent-injection-lab",
  "version": "0.1.0",
  "lockfileVersion": 3,
  "requires": true,
  "packages": {
    "": {
      "name": "agent-injection-lab",
      "version": "0.1.0",
      "license": "AGPL-3.0-only",
      "bin": {
        "agent-lab": "bin/agent-lab.js"
      },
      "engines": {
        "node": ">=18"
      }
    }
  }
}
